
Microsoft Visual Studio Solution File, Format Version 12.00
# Visual Studio 15
VisualStudioVersion = 15.0.27004.2002
MinimumVisualStudioVersion = 10.0.40219.1
Project("{FAE04EC0-301F-11D3-BF4B-00C04F79EFBC}") = "Encryptor_Decriptor", "Encryptor_Decriptor\Encryptor_Decriptor.csproj", "{11BB16FF-03D4-4609-9F4C-B4C0C6A38B7A}"
EndProject
Global
	GlobalSection(SolutionConfigurationPlatforms) = preSolution
		Debug|Any CPU = Debug|Any CPU
		Release|Any CPU = Release|Any CPU
	EndGlobalSection
	GlobalSection(ProjectConfigurationPlatforms) = postSolution
		{11BB16FF-03D4-4609-9F4C-B4C0C6A38B7A}.Debug|Any CPU.ActiveCfg = Debug|Any CPU
		{11BB16FF-03D4-4609-9F4C-B4C0C6A38B7A}.Debug|Any CPU.Build.0 = Debug|Any CPU
		{11BB16FF-03D4-4609-9F4C-B4C0C6A38B7A}.Release|Any CPU.ActiveCfg = Release|Any CPU
		{11BB16FF-03D4-4609-9F4C-B4C0C6A38B7A}.Release|Any CPU.Build.0 = Release|Any CPU
	EndGlobalSection
	GlobalSection(SolutionProperties) = preSolution
		HideSolutionNode = FALSE
	EndGlobalSection
	GlobalSection(ExtensibilityGlobals) = postSolution
		SolutionGuid = {39552A49-D0DD-4946-9EFF-72593FAFECDD}
	EndGlobalSection
EndGlobal
